
Microsoft Visual Studio Solution File, Format Version 12.00
# Visual Studio Version 17
VisualStudioVersion = 17.12.35521.163
MinimumVisualStudioVersion = 10.0.40219.1
Project("{FAE04EC0-301F-11D3-BF4B-00C04F79EFBC}") = "CSLibreLinkUp", "CSLibreLinkUp\CSLibreLinkUp.csproj", "{5D64A0FB-2D5F-447D-822E-C711B1C62E09}"
EndProject
Project("{FAE04EC0-301F-11D3-BF4B-00C04F79EFBC}") = "CSLibreLinkUpConsole", "CSLibreLinkUpConsole\CSLibreLinkUpConsole.csproj", "{E847C763-F141-44CF-9A56-60C45B1B69F2}"
EndProject
Global
	GlobalSection(SolutionConfigurationPlatforms) = preSolution
		Debug|Any CPU = Debug|Any CPU
		Release|Any CPU = Release|Any CPU
	EndGlobalSection
	GlobalSection(ProjectConfigurationPlatforms) = postSolution
		{5D64A0FB-2D5F-447D-822E-C711B1C62E09}.Debug|Any CPU.ActiveCfg = Debug|Any CPU
		{5D64A0FB-2D5F-447D-822E-C711B1C62E09}.Debug|Any CPU.Build.0 = Debug|Any CPU
		{5D64A0FB-2D5F-447D-822E-C711B1C62E09}.Release|Any CPU.ActiveCfg = Release|Any CPU
		{5D64A0FB-2D5F-447D-822E-C711B1C62E09}.Release|Any CPU.Build.0 = Release|Any CPU
		{E847C763-F141-44CF-9A56-60C45B1B69F2}.Debug|Any CPU.ActiveCfg = Debug|Any CPU
		{E847C763-F141-44CF-9A56-60C45B1B69F2}.Debug|Any CPU.Build.0 = Debug|Any CPU
		{E847C763-F141-44CF-9A56-60C45B1B69F2}.Release|Any CPU.ActiveCfg = Release|Any CPU
		{E847C763-F141-44CF-9A56-60C45B1B69F2}.Release|Any CPU.Build.0 = Release|Any CPU
	EndGlobalSection
	GlobalSection(SolutionProperties) = preSolution
		HideSolutionNode = FALSE
	EndGlobalSection
EndGlobal
